
Microsoft Visual Studio Solution File, Format Version 12.00
# Visual Studio Version 17
VisualStudioVersion = 17.14.36327.8 d17.14
MinimumVisualStudioVersion = 10.0.40219.1
Project("{FAE04EC0-301F-11D3-BF4B-00C04F79EFBC}") = "Exercises-01", "Exercises-01\Exercises-01.csproj", "{77A3B52B-0E49-4C91-85C5-F45A840252C9}"
EndProject
Global
	GlobalSection(SolutionConfigurationPlatforms) = preSolution
		Debug|Any CPU = Debug|Any CPU
		Release|Any CPU = Release|Any CPU
	EndGlobalSection
	GlobalSection(ProjectConfigurationPlatforms) = postSolution
		{77A3B52B-0E49-4C91-85C5-F45A840252C9}.Debug|Any CPU.ActiveCfg = Debug|Any CPU
		{77A3B52B-0E49-4C91-85C5-F45A840252C9}.Debug|Any CPU.Build.0 = Debug|Any CPU
		{77A3B52B-0E49-4C91-85C5-F45A840252C9}.Release|Any CPU.ActiveCfg = Release|Any CPU
		{77A3B52B-0E49-4C91-85C5-F45A840252C9}.Release|Any CPU.Build.0 = Release|Any CPU
	EndGlobalSection
	GlobalSection(SolutionProperties) = preSolution
		HideSolutionNode = FALSE
	EndGlobalSection
	GlobalSection(ExtensibilityGlobals) = postSolution
		SolutionGuid = {A4D4E953-ACB5-4461-8219-020C87308F2B}
	EndGlobalSection
EndGlobal
